
Microsoft Visual Studio Solution File, Format Version 12.00
# Visual Studio Version 16
VisualStudioVersion = 16.0.32602.291
MinimumVisualStudioVersion = 10.0.40219.1
Project("{FAE04EC0-301F-11D3-BF4B-00C04F79EFBC}") = "TryFitness.BL", "TryFitnessBL\TryFitness.BL.csproj", "{FBA21D68-3AF0-406B-8ADA-CB23D26FBD82}"
EndProject
Project("{FAE04EC0-301F-11D3-BF4B-00C04F79EFBC}") = "TryFitness.CMD", "TryFitness.CMD\TryFitness.CMD.csproj", "{0427A84D-7673-4A93-99C0-D78A6F00028D}"
EndProject
Global
	GlobalSection(SolutionConfigurationPlatforms) = preSolution
		Debug|Any CPU = Debug|Any CPU
		Release|Any CPU = Release|Any CPU
	EndGlobalSection
	GlobalSection(ProjectConfigurationPlatforms) = postSolution
		{FBA21D68-3AF0-406B-8ADA-CB23D26FBD82}.Debug|Any CPU.ActiveCfg = Debug|Any CPU
		{FBA21D68-3AF0-406B-8ADA-CB23D26FBD82}.Debug|Any CPU.Build.0 = Debug|Any CPU
		{FBA21D68-3AF0-406B-8ADA-CB23D26FBD82}.Release|Any CPU.ActiveCfg = Release|Any CPU
		{FBA21D68-3AF0-406B-8ADA-CB23D26FBD82}.Release|Any CPU.Build.0 = Release|Any CPU
		{0427A84D-7673-4A93-99C0-D78A6F00028D}.Debug|Any CPU.ActiveCfg = Debug|Any CPU
		{0427A84D-7673-4A93-99C0-D78A6F00028D}.Debug|Any CPU.Build.0 = Debug|Any CPU
		{0427A84D-7673-4A93-99C0-D78A6F00028D}.Release|Any CPU.ActiveCfg = Release|Any CPU
		{0427A84D-7673-4A93-99C0-D78A6F00028D}.Release|Any CPU.Build.0 = Release|Any CPU
	EndGlobalSection
	GlobalSection(SolutionProperties) = preSolution
		HideSolutionNode = FALSE
	EndGlobalSection
	GlobalSection(ExtensibilityGlobals) = postSolution
		SolutionGuid = {B5459045-B97D-4004-8D9F-6760DE1CB39B}
	EndGlobalSection
EndGlobal
